
Microsoft Visual Studio Solution File, Format Version 12.00
# Visual Studio 2017
Project("{FAE04EC0-301F-11D3-BF4B-00C04F79EFBC}") = "12PrinciplesOfAnimation", "12PrinciplesOfAnimation.csproj", "{0F8D72D3-9B6B-B5B1-63FD-ED5AD7FEBD6C}"
EndProject
Global
	GlobalSection(SolutionConfigurationPlatforms) = preSolution
		Debug|Any CPU = Debug|Any CPU
		Release|Any CPU = Release|Any CPU
	EndGlobalSection
	GlobalSection(ProjectConfigurationPlatforms) = postSolution
		{0F8D72D3-9B6B-B5B1-63FD-ED5AD7FEBD6C}.Debug|Any CPU.ActiveCfg = Debug|Any CPU
		{0F8D72D3-9B6B-B5B1-63FD-ED5AD7FEBD6C}.Debug|Any CPU.Build.0 = Debug|Any CPU
		{0F8D72D3-9B6B-B5B1-63FD-ED5AD7FEBD6C}.Release|Any CPU.ActiveCfg = Release|Any CPU
		{0F8D72D3-9B6B-B5B1-63FD-ED5AD7FEBD6C}.Release|Any CPU.Build.0 = Release|Any CPU
	EndGlobalSection
	GlobalSection(SolutionProperties) = preSolution
		HideSolutionNode = FALSE
	EndGlobalSection
EndGlobal
