
Microsoft Visual Studio Solution File, Format Version 12.00
# Visual Studio 15
Project("{FAE04EC0-301F-11D3-BF4B-00C04F79EFBC}") = "ar-image-detection", "ar-image-detection.csproj", "{4E02D59B-8AB6-8D2F-1E38-CC5E1B01C19E}"
EndProject
Project("{FAE04EC0-301F-11D3-BF4B-00C04F79EFBC}") = "ar-image-detection.Editor", "ar-image-detection.Editor.csproj", "{3270F175-3161-E25D-5E8E-7E5D851715EB}"
EndProject
Global
	GlobalSection(SolutionConfigurationPlatforms) = preSolution
		Debug|Any CPU = Debug|Any CPU
		Release|Any CPU = Release|Any CPU
	EndGlobalSection
	GlobalSection(ProjectConfigurationPlatforms) = postSolution
		{4E02D59B-8AB6-8D2F-1E38-CC5E1B01C19E}.Debug|Any CPU.ActiveCfg = Debug|Any CPU
		{4E02D59B-8AB6-8D2F-1E38-CC5E1B01C19E}.Debug|Any CPU.Build.0 = Debug|Any CPU
		{4E02D59B-8AB6-8D2F-1E38-CC5E1B01C19E}.Release|Any CPU.ActiveCfg = Release|Any CPU
		{4E02D59B-8AB6-8D2F-1E38-CC5E1B01C19E}.Release|Any CPU.Build.0 = Release|Any CPU
		{3270F175-3161-E25D-5E8E-7E5D851715EB}.Debug|Any CPU.ActiveCfg = Debug|Any CPU
		{3270F175-3161-E25D-5E8E-7E5D851715EB}.Debug|Any CPU.Build.0 = Debug|Any CPU
		{3270F175-3161-E25D-5E8E-7E5D851715EB}.Release|Any CPU.ActiveCfg = Release|Any CPU
		{3270F175-3161-E25D-5E8E-7E5D851715EB}.Release|Any CPU.Build.0 = Release|Any CPU
	EndGlobalSection
	GlobalSection(SolutionProperties) = preSolution
		HideSolutionNode = FALSE
	EndGlobalSection
EndGlobal
