
Microsoft Visual Studio Solution File, Format Version 12.00
# Visual Studio 15
Project("{FAE04EC0-301F-11D3-BF4B-00C04F79EFBC}") = "MazeAssignment", "Assembly-CSharp.csproj", "{38B59146-D72F-E1D3-F24F-EF37EDC3D4DD}"
EndProject
Project("{FAE04EC0-301F-11D3-BF4B-00C04F79EFBC}") = "MazeAssignment", "Assembly-CSharp-firstpass.csproj", "{F693F9F4-A314-D4B1-2484-A433B4EA057C}"
EndProject
Project("{FAE04EC0-301F-11D3-BF4B-00C04F79EFBC}") = "MazeAssignment", "Assembly-CSharp-Editor-firstpass.csproj", "{2D2249C7-4B04-C061-A5F0-377C24629EA1}"
EndProject
Global
	GlobalSection(SolutionConfigurationPlatforms) = preSolution
		Debug|Any CPU = Debug|Any CPU
		Release|Any CPU = Release|Any CPU
	EndGlobalSection
	GlobalSection(ProjectConfigurationPlatforms) = postSolution
		{38B59146-D72F-E1D3-F24F-EF37EDC3D4DD}.Debug|Any CPU.ActiveCfg = Debug|Any CPU
		{38B59146-D72F-E1D3-F24F-EF37EDC3D4DD}.Debug|Any CPU.Build.0 = Debug|Any CPU
		{38B59146-D72F-E1D3-F24F-EF37EDC3D4DD}.Release|Any CPU.ActiveCfg = Release|Any CPU
		{38B59146-D72F-E1D3-F24F-EF37EDC3D4DD}.Release|Any CPU.Build.0 = Release|Any CPU
		{F693F9F4-A314-D4B1-2484-A433B4EA057C}.Debug|Any CPU.ActiveCfg = Debug|Any CPU
		{F693F9F4-A314-D4B1-2484-A433B4EA057C}.Debug|Any CPU.Build.0 = Debug|Any CPU
		{F693F9F4-A314-D4B1-2484-A433B4EA057C}.Release|Any CPU.ActiveCfg = Release|Any CPU
		{F693F9F4-A314-D4B1-2484-A433B4EA057C}.Release|Any CPU.Build.0 = Release|Any CPU
		{2D2249C7-4B04-C061-A5F0-377C24629EA1}.Debug|Any CPU.ActiveCfg = Debug|Any CPU
		{2D2249C7-4B04-C061-A5F0-377C24629EA1}.Debug|Any CPU.Build.0 = Debug|Any CPU
		{2D2249C7-4B04-C061-A5F0-377C24629EA1}.Release|Any CPU.ActiveCfg = Release|Any CPU
		{2D2249C7-4B04-C061-A5F0-377C24629EA1}.Release|Any CPU.Build.0 = Release|Any CPU
	EndGlobalSection
	GlobalSection(SolutionProperties) = preSolution
		HideSolutionNode = FALSE
	EndGlobalSection
EndGlobal
