
Microsoft Visual Studio Solution File, Format Version 12.00
# Visual Studio 2017
Project("{FAE04EC0-301F-11D3-BF4B-00C04F79EFBC}") = "Rails", "Rails.csproj", "{A2F3362F-A8C9-A5D5-799D-F6A94BA02E50}"
EndProject
Global
	GlobalSection(SolutionConfigurationPlatforms) = preSolution
		Debug|Any CPU = Debug|Any CPU
		Release|Any CPU = Release|Any CPU
	EndGlobalSection
	GlobalSection(ProjectConfigurationPlatforms) = postSolution
		{A2F3362F-A8C9-A5D5-799D-F6A94BA02E50}.Debug|Any CPU.ActiveCfg = Debug|Any CPU
		{A2F3362F-A8C9-A5D5-799D-F6A94BA02E50}.Debug|Any CPU.Build.0 = Debug|Any CPU
		{A2F3362F-A8C9-A5D5-799D-F6A94BA02E50}.Release|Any CPU.ActiveCfg = Release|Any CPU
		{A2F3362F-A8C9-A5D5-799D-F6A94BA02E50}.Release|Any CPU.Build.0 = Release|Any CPU
	EndGlobalSection
	GlobalSection(SolutionProperties) = preSolution
		HideSolutionNode = FALSE
	EndGlobalSection
EndGlobal
